
Microsoft Visual Studio Solution File, Format Version 12.00
# Visual Studio Version 16
VisualStudioVersion = 16.0.29709.97
MinimumVisualStudioVersion = 10.0.40219.1
Project("{FAE04EC0-301F-11D3-BF4B-00C04F79EFBC}") = "Mastermind", "Mastermind\Mastermind.csproj", "{4CB4061C-292F-4D5E-804A-6373F257A121}"
EndProject
Project("{FAE04EC0-301F-11D3-BF4B-00C04F79EFBC}") = "MastermindTests", "MastermindTests\MastermindTests.csproj", "{85A236F4-062F-428B-801C-781C33B138BF}"
EndProject
Global
	GlobalSection(SolutionConfigurationPlatforms) = preSolution
		Debug|Any CPU = Debug|Any CPU
		Release|Any CPU = Release|Any CPU
	EndGlobalSection
	GlobalSection(ProjectConfigurationPlatforms) = postSolution
		{4CB4061C-292F-4D5E-804A-6373F257A121}.Debug|Any CPU.ActiveCfg = Debug|Any CPU
		{4CB4061C-292F-4D5E-804A-6373F257A121}.Debug|Any CPU.Build.0 = Debug|Any CPU
		{4CB4061C-292F-4D5E-804A-6373F257A121}.Release|Any CPU.ActiveCfg = Release|Any CPU
		{4CB4061C-292F-4D5E-804A-6373F257A121}.Release|Any CPU.Build.0 = Release|Any CPU
		{85A236F4-062F-428B-801C-781C33B138BF}.Debug|Any CPU.ActiveCfg = Debug|Any CPU
		{85A236F4-062F-428B-801C-781C33B138BF}.Debug|Any CPU.Build.0 = Debug|Any CPU
		{85A236F4-062F-428B-801C-781C33B138BF}.Release|Any CPU.ActiveCfg = Release|Any CPU
		{85A236F4-062F-428B-801C-781C33B138BF}.Release|Any CPU.Build.0 = Release|Any CPU
	EndGlobalSection
	GlobalSection(SolutionProperties) = preSolution
		HideSolutionNode = FALSE
	EndGlobalSection
	GlobalSection(ExtensibilityGlobals) = postSolution
		SolutionGuid = {5E9791BB-E966-4484-965A-2B1B7A193D13}
	EndGlobalSection
EndGlobal
